
Microsoft Visual Studio Solution File, Format Version 12.00
# Visual Studio 15
VisualStudioVersion = 15.0.28307.102
MinimumVisualStudioVersion = 10.0.40219.1
Project("{FAE04EC0-301F-11D3-BF4B-00C04F79EFBC}") = "WpfPlayground", "WpfPlayground\WpfPlayground.csproj", "{DE05C383-A5D2-4EED-9CFA-3D661159F755}"
EndProject
Global
	GlobalSection(SolutionConfigurationPlatforms) = preSolution
		Debug|Any CPU = Debug|Any CPU
		Release|Any CPU = Release|Any CPU
	EndGlobalSection
	GlobalSection(ProjectConfigurationPlatforms) = postSolution
		{DE05C383-A5D2-4EED-9CFA-3D661159F755}.Debug|Any CPU.ActiveCfg = Debug|Any CPU
		{DE05C383-A5D2-4EED-9CFA-3D661159F755}.Debug|Any CPU.Build.0 = Debug|Any CPU
		{DE05C383-A5D2-4EED-9CFA-3D661159F755}.Release|Any CPU.ActiveCfg = Release|Any CPU
		{DE05C383-A5D2-4EED-9CFA-3D661159F755}.Release|Any CPU.Build.0 = Release|Any CPU
	EndGlobalSection
	GlobalSection(SolutionProperties) = preSolution
		HideSolutionNode = FALSE
	EndGlobalSection
	GlobalSection(ExtensibilityGlobals) = postSolution
		SolutionGuid = {8F4F0ABB-CB69-48CE-A1F6-C713C3F54894}
	EndGlobalSection
EndGlobal
